
Microsoft Visual Studio Solution File, Format Version 12.00
# Visual Studio 15
VisualStudioVersion = 15.0.27130.2003
MinimumVisualStudioVersion = 10.0.40219.1
Project("{F2A71F9B-5D33-465A-A702-920D77279786}") = "sagan", "src\sagan\sagan.fsproj", "{EC5675D4-99DE-4B79-8667-5167FE57B16B}"
EndProject
Global
	GlobalSection(SolutionConfigurationPlatforms) = preSolution
		Debug|Any CPU = Debug|Any CPU
		Release|Any CPU = Release|Any CPU
	EndGlobalSection
	GlobalSection(ProjectConfigurationPlatforms) = postSolution
		{EC5675D4-99DE-4B79-8667-5167FE57B16B}.Debug|Any CPU.ActiveCfg = Debug|Any CPU
		{EC5675D4-99DE-4B79-8667-5167FE57B16B}.Debug|Any CPU.Build.0 = Debug|Any CPU
		{EC5675D4-99DE-4B79-8667-5167FE57B16B}.Release|Any CPU.ActiveCfg = Release|Any CPU
		{EC5675D4-99DE-4B79-8667-5167FE57B16B}.Release|Any CPU.Build.0 = Release|Any CPU
	EndGlobalSection
	GlobalSection(SolutionProperties) = preSolution
		HideSolutionNode = FALSE
	EndGlobalSection
	GlobalSection(ExtensibilityGlobals) = postSolution
		SolutionGuid = {81BF852F-FC00-40F8-9B98-68574F27866D}
	EndGlobalSection
EndGlobal
